lockfileVersion: '6.0'

settings:
  autoInstallPeers: true
  excludeLinksFromLockfile: false

importers:

  packages/auto-install/test/fixtures/pnpm:
    dependencies:
      node-noop:
        specifier: ^1.0.0
        version: 1.0.0

  packages/auto-install/test/fixtures/pnpm-bare:
    dependencies:
      node-noop:
        specifier: ^1.0.0
        version: 1.0.0

packages:

  /node-noop@1.0.0:
    resolution: {integrity: sha512-1lpWqKwZ9yUosQfW1uy3jm6St4ZbmeDKKGmdzwzedbyBI4LgHtGyL1ofDdqiSomgaYaSERi+qWtj64huJQjl7g==}
    dev: false
